
Microsoft Visual Studio Solution File, Format Version 12.00
# Visual Studio Version 17
VisualStudioVersion = 17.0.31903.59
MinimumVisualStudioVersion = 10.0.40219.1
Project("{FAE04EC0-301F-11D3-BF4B-00C04F79EFBC}") = "DataProviderDemo", "src\DataProviderDemo\DataProviderDemo.csproj", "{661889B9-B7FD-4AF4-BD85-1E35052513BE}"
EndProject
Project("{FAE04EC0-301F-11D3-BF4B-00C04F79EFBC}") = "Benchmark", "src\Benchmark\Benchmark.csproj", "{765F0E68-33A2-4DFC-9990-FEA6CF9D538D}"
EndProject
Global
	GlobalSection(SolutionConfigurationPlatforms) = preSolution
		Debug|Any CPU = Debug|Any CPU
		Release|Any CPU = Release|Any CPU
	EndGlobalSection
	GlobalSection(SolutionProperties) = preSolution
		HideSolutionNode = FALSE
	EndGlobalSection
	GlobalSection(ProjectConfigurationPlatforms) = postSolution
		{661889B9-B7FD-4AF4-BD85-1E35052513BE}.Debug|Any CPU.ActiveCfg = Debug|Any CPU
		{661889B9-B7FD-4AF4-BD85-1E35052513BE}.Debug|Any CPU.Build.0 = Debug|Any CPU
		{661889B9-B7FD-4AF4-BD85-1E35052513BE}.Release|Any CPU.ActiveCfg = Release|Any CPU
		{661889B9-B7FD-4AF4-BD85-1E35052513BE}.Release|Any CPU.Build.0 = Release|Any CPU
		{765F0E68-33A2-4DFC-9990-FEA6CF9D538D}.Debug|Any CPU.ActiveCfg = Debug|Any CPU
		{765F0E68-33A2-4DFC-9990-FEA6CF9D538D}.Debug|Any CPU.Build.0 = Debug|Any CPU
		{765F0E68-33A2-4DFC-9990-FEA6CF9D538D}.Release|Any CPU.ActiveCfg = Release|Any CPU
		{765F0E68-33A2-4DFC-9990-FEA6CF9D538D}.Release|Any CPU.Build.0 = Release|Any CPU
	EndGlobalSection
	GlobalSection(NestedProjects) = preSolution
	EndGlobalSection
EndGlobal
